
Microsoft Visual Studio Solution File, Format Version 12.00
# Visual Studio Version 17
VisualStudioVersion = 17.14.37012.4 d17.14
MinimumVisualStudioVersion = 10.0.40219.1
Project("{FAE04EC0-301F-11D3-BF4B-00C04F79EFBC}") = "caso 4 paol", "caso 4 paol\caso 4 paol.csproj", "{8F2F53EF-4681-4F76-9A2E-F62F68EFDDB8}"
EndProject
Global
	GlobalSection(SolutionConfigurationPlatforms) = preSolution
		Debug|Any CPU = Debug|Any CPU
		Release|Any CPU = Release|Any CPU
	EndGlobalSection
	GlobalSection(ProjectConfigurationPlatforms) = postSolution
		{8F2F53EF-4681-4F76-9A2E-F62F68EFDDB8}.Debug|Any CPU.ActiveCfg = Debug|Any CPU
		{8F2F53EF-4681-4F76-9A2E-F62F68EFDDB8}.Debug|Any CPU.Build.0 = Debug|Any CPU
		{8F2F53EF-4681-4F76-9A2E-F62F68EFDDB8}.Release|Any CPU.ActiveCfg = Release|Any CPU
		{8F2F53EF-4681-4F76-9A2E-F62F68EFDDB8}.Release|Any CPU.Build.0 = Release|Any CPU
	EndGlobalSection
	GlobalSection(SolutionProperties) = preSolution
		HideSolutionNode = FALSE
	EndGlobalSection
	GlobalSection(ExtensibilityGlobals) = postSolution
		SolutionGuid = {2538D18A-B1AD-4041-98B0-68C83B1A7CF3}
	EndGlobalSection
EndGlobal
